
Microsoft Visual Studio Solution File, Format Version 12.00
Project("{FAE04EC0-301F-11D3-BF4B-00C04F79EFBC}") = "memora-backend", "memora-backend\memora-backend.csproj", "{09E8CA9C-0060-47E2-83BD-7F800B6ECC01}"
EndProject
Global
	GlobalSection(SolutionConfigurationPlatforms) = preSolution
		Debug|Any CPU = Debug|Any CPU
		Release|Any CPU = Release|Any CPU
	EndGlobalSection
	GlobalSection(ProjectConfigurationPlatforms) = postSolution
		{09E8CA9C-0060-47E2-83BD-7F800B6ECC01}.Debug|Any CPU.ActiveCfg = Debug|Any CPU
		{09E8CA9C-0060-47E2-83BD-7F800B6ECC01}.Debug|Any CPU.Build.0 = Debug|Any CPU
		{09E8CA9C-0060-47E2-83BD-7F800B6ECC01}.Release|Any CPU.ActiveCfg = Release|Any CPU
		{09E8CA9C-0060-47E2-83BD-7F800B6ECC01}.Release|Any CPU.Build.0 = Release|Any CPU
	EndGlobalSection
EndGlobal
